
Microsoft Visual Studio Solution File, Format Version 12.00
# Visual Studio Version 16
VisualStudioVersion = 16.0.31613.86
MinimumVisualStudioVersion = 10.0.40219.1
Project("{FAE04EC0-301F-11D3-BF4B-00C04F79EFBC}") = "DoChoiTreEmApp", "DoChoiTreEmApp\DoChoiTreEmApp.csproj", "{43B95308-75C2-4A9F-A6C0-C6CAAB91C742}"
EndProject
Global
	GlobalSection(SolutionConfigurationPlatforms) = preSolution
		Debug|Any CPU = Debug|Any CPU
		Release|Any CPU = Release|Any CPU
	EndGlobalSection
	GlobalSection(ProjectConfigurationPlatforms) = postSolution
		{43B95308-75C2-4A9F-A6C0-C6CAAB91C742}.Debug|Any CPU.ActiveCfg = Debug|Any CPU
		{43B95308-75C2-4A9F-A6C0-C6CAAB91C742}.Debug|Any CPU.Build.0 = Debug|Any CPU
		{43B95308-75C2-4A9F-A6C0-C6CAAB91C742}.Release|Any CPU.ActiveCfg = Release|Any CPU
		{43B95308-75C2-4A9F-A6C0-C6CAAB91C742}.Release|Any CPU.Build.0 = Release|Any CPU
	EndGlobalSection
	GlobalSection(SolutionProperties) = preSolution
		HideSolutionNode = FALSE
	EndGlobalSection
	GlobalSection(ExtensibilityGlobals) = postSolution
		SolutionGuid = {D9BB3C2E-BA5D-4BD9-8E1A-B9475E0E4AB9}
	EndGlobalSection
EndGlobal
